{
    "_readme": [
        "This file locks the dependencies of your project to a known state",
        "Read more about it at https://getcomposer.org/doc/01-basic-usage.md#installing-dependencies",
        "This file is @generated automatically"
    ],
    "content-hash": "8fe3682a7a19fa4ba283703160cac128",
    "packages": [
        {
            "name": "adinan-cenci/psr-17",
            "version": "v2.1.0",
            "source": {
                "type": "git",
                "url": "https://github.com/adinan-cenci/psr-17.git",
                "reference": "c10a66711b823e67d65d968e147b570f1c1ebd17"
            },
            "dist": {
                "type": "zip",
                "url": "https://api.github.com/repos/adinan-cenci/psr-17/zipball/c10a66711b823e67d65d968e147b570f1c1ebd17",
                "reference": "c10a66711b823e67d65d968e147b570f1c1ebd17",
                "shasum": ""
            },
            "require": {
                "adinan-cenci/psr-7": "^2.0",
                "psr/http-factory": "^1.1"
            },
            "require-dev": {
                "phpunit/phpunit": "9.5.x-dev"
            },
            "type": "library",
            "autoload": {
                "psr-4": {
                    "AdinanCenci\\Psr17\\": "src/",
                    "AdinanCenci\\Psr17\\Tests\\": "tests/"
                }
            },
            "notification-url": "https://packagist.org/downloads/",
            "license": [
                "MIT"
            ],
            "description": "An implementation of the PSR-17 specification.",
            "keywords": [
                "http",
                "psr",
                "psr-17"
            ],
            "support": {
                "issues": "https://github.com/adinan-cenci/psr-17/issues",
                "source": "https://github.com/adinan-cenci/psr-17/tree/v2.1.0"
            },
            "time": "2025-06-11T00:10:21+00:00"
        },
        {
            "name": "adinan-cenci/psr-18",
            "version": "v1.0.1",
            "source": {
                "type": "git",
                "url": "https://github.com/adinan-cenci/psr-18.git",
                "reference": "5b8488b031d18cde815f9de2471544adc95b5edc"
            },
            "dist": {
                "type": "zip",
                "url": "https://api.github.com/repos/adinan-cenci/psr-18/zipball/5b8488b031d18cde815f9de2471544adc95b5edc",
                "reference": "5b8488b031d18cde815f9de2471544adc95b5edc",
                "shasum": ""
            },
            "require": {
                "adinan-cenci/psr-17": ">=1.0",
                "adinan-cenci/psr-7": ">=1.1.3",
                "psr/http-client": "^1.0"
            },
            "require-dev": {
                "phpunit/phpunit": "^10.3"
            },
            "type": "library",
            "autoload": {
                "psr-4": {
                    "AdinanCenci\\Psr18\\": "src/",
                    "AdinanCenci\\Psr18\\Tests\\": "tests/"
                }
            },
            "scripts": {
                "unit-tests": [
                    "./vendor/bin/phpunit tests"
                ]
            },
            "license": [
                "MIT"
            ],
            "description": "An implementation of the PSR-18 specification.",
            "keywords": [
                "http",
                "psr",
                "psr-18"
            ],
            "support": {
                "source": "https://github.com/adinan-cenci/psr-18/tree/v1.0.1",
                "issues": "https://github.com/adinan-cenci/psr-18/issues"
            },
            "time": "2025-06-12T22:28:56+00:00"
        },
        {
            "name": "adinan-cenci/psr-7",
            "version": "v2.0.1",
            "source": {
                "type": "git",
                "url": "https://github.com/adinan-cenci/psr-7.git",
                "reference": "d510a6c16f08809a187ec7328a7de8232d976feb"
            },
            "dist": {
                "type": "zip",
                "url": "https://api.github.com/repos/adinan-cenci/psr-7/zipball/d510a6c16f08809a187ec7328a7de8232d976feb",
                "reference": "d510a6c16f08809a187ec7328a7de8232d976feb",
                "shasum": ""
            },
            "require": {
                "psr/http-message": "^2"
            },
            "require-dev": {
                "guzzlehttp/psr7": "^2.7",
                "php-http/psr7-integration-tests": "^1.4"
            },
            "type": "library",
            "autoload": {
                "psr-4": {
                    "AdinanCenci\\Psr7\\": "src/",
                    "AdinanCenci\\Psr7\\Tests\\": "tests/"
                }
            },
            "notification-url": "https://packagist.org/downloads/",
            "license": [
                "MIT"
            ],
            "description": "An implementation of the PSR-7 specification.",
            "keywords": [
                "http",
                "psr",
                "psr-7"
            ],
            "support": {
                "issues": "https://github.com/adinan-cenci/psr-7/issues",
                "source": "https://github.com/adinan-cenci/psr-7/tree/v2.0.1"
            },
            "time": "2025-06-11T00:00:21+00:00"
        },
        {
            "name": "psr/http-client",
            "version": "1.0.3",
            "source": {
                "type": "git",
                "url": "https://github.com/php-fig/http-client.git",
                "reference": "bb5906edc1c324c9a05aa0873d40117941e5fa90"
            },
            "dist": {
                "type": "zip",
                "url": "https://api.github.com/repos/php-fig/http-client/zipball/bb5906edc1c324c9a05aa0873d40117941e5fa90",
                "reference": "bb5906edc1c324c9a05aa0873d40117941e5fa90",
                "shasum": ""
            },
            "require": {
                "php": "^7.0 || ^8.0",
                "psr/http-message": "^1.0 || ^2.0"
            },
            "type": "library",
            "extra": {
                "branch-alias": {
                    "dev-master": "1.0.x-dev"
                }
            },
            "autoload": {
                "psr-4": {
                    "Psr\\Http\\Client\\": "src/"
                }
            },
            "notification-url": "https://packagist.org/downloads/",
            "license": [
                "MIT"
            ],
            "authors": [
                {
                    "name": "PHP-FIG",
                    "homepage": "https://www.php-fig.org/"
                }
            ],
            "description": "Common interface for HTTP clients",
            "homepage": "https://github.com/php-fig/http-client",
            "keywords": [
                "http",
                "http-client",
                "psr",
                "psr-18"
            ],
            "support": {
                "source": "https://github.com/php-fig/http-client"
            },
            "time": "2023-09-23T14:17:50+00:00"
        },
        {
            "name": "psr/http-factory",
            "version": "1.1.0",
            "source": {
                "type": "git",
                "url": "https://github.com/php-fig/http-factory.git",
                "reference": "2b4765fddfe3b508ac62f829e852b1501d3f6e8a"
            },
            "dist": {
                "type": "zip",
                "url": "https://api.github.com/repos/php-fig/http-factory/zipball/2b4765fddfe3b508ac62f829e852b1501d3f6e8a",
                "reference": "2b4765fddfe3b508ac62f829e852b1501d3f6e8a",
                "shasum": ""
            },
            "require": {
                "php": ">=7.1",
                "psr/http-message": "^1.0 || ^2.0"
            },
            "type": "library",
            "extra": {
                "branch-alias": {
                    "dev-master": "1.0.x-dev"
                }
            },
            "autoload": {
                "psr-4": {
                    "Psr\\Http\\Message\\": "src/"
                }
            },
            "notification-url": "https://packagist.org/downloads/",
            "license": [
                "MIT"
            ],
            "authors": [
                {
                    "name": "PHP-FIG",
                    "homepage": "https://www.php-fig.org/"
                }
            ],
            "description": "PSR-17: Common interfaces for PSR-7 HTTP message factories",
            "keywords": [
                "factory",
                "http",
                "message",
                "psr",
                "psr-17",
                "psr-7",
                "request",
                "response"
            ],
            "support": {
                "source": "https://github.com/php-fig/http-factory"
            },
            "time": "2024-04-15T12:06:14+00:00"
        },
        {
            "name": "psr/http-message",
            "version": "2.0",
            "source": {
                "type": "git",
                "url": "https://github.com/php-fig/http-message.git",
                "reference": "402d35bcb92c70c026d1a6a9883f06b2ead23d71"
            },
            "dist": {
                "type": "zip",
                "url": "https://api.github.com/repos/php-fig/http-message/zipball/402d35bcb92c70c026d1a6a9883f06b2ead23d71",
                "reference": "402d35bcb92c70c026d1a6a9883f06b2ead23d71",
                "shasum": ""
            },
            "require": {
                "php": "^7.2 || ^8.0"
            },
            "type": "library",
            "extra": {
                "branch-alias": {
                    "dev-master": "2.0.x-dev"
                }
            },
            "autoload": {
                "psr-4": {
                    "Psr\\Http\\Message\\": "src/"
                }
            },
            "notification-url": "https://packagist.org/downloads/",
            "license": [
                "MIT"
            ],
            "authors": [
                {
                    "name": "PHP-FIG",
                    "homepage": "https://www.php-fig.org/"
                }
            ],
            "description": "Common interface for HTTP messages",
            "homepage": "https://github.com/php-fig/http-message",
            "keywords": [
                "http",
                "http-message",
                "psr",
                "psr-7",
                "request",
                "response"
            ],
            "support": {
                "source": "https://github.com/php-fig/http-message/tree/2.0"
            },
            "time": "2023-04-04T09:54:51+00:00"
        },
        {
            "name": "psr/simple-cache",
            "version": "1.0.1",
            "source": {
                "type": "git",
                "url": "https://github.com/php-fig/simple-cache.git",
                "reference": "408d5eafb83c57f6365a3ca330ff23aa4a5fa39b"
            },
            "dist": {
                "type": "zip",
                "url": "https://api.github.com/repos/php-fig/simple-cache/zipball/408d5eafb83c57f6365a3ca330ff23aa4a5fa39b",
                "reference": "408d5eafb83c57f6365a3ca330ff23aa4a5fa39b",
                "shasum": ""
            },
            "require": {
                "php": ">=5.3.0"
            },
            "type": "library",
            "extra": {
                "branch-alias": {
                    "dev-master": "1.0.x-dev"
                }
            },
            "autoload": {
                "psr-4": {
                    "Psr\\SimpleCache\\": "src/"
                }
            },
            "notification-url": "https://packagist.org/downloads/",
            "license": [
                "MIT"
            ],
            "authors": [
                {
                    "name": "PHP-FIG",
                    "homepage": "http://www.php-fig.org/"
                }
            ],
            "description": "Common interfaces for simple caching",
            "keywords": [
                "cache",
                "caching",
                "psr",
                "psr-16",
                "simple-cache"
            ],
            "support": {
                "source": "https://github.com/php-fig/simple-cache/tree/master"
            },
            "time": "2017-10-23T01:57:42+00:00"
        }
    ],
    "packages-dev": [],
    "aliases": [],
    "minimum-stability": "stable",
    "stability-flags": [],
    "prefer-stable": false,
    "prefer-lowest": false,
    "platform": [],
    "platform-dev": [],
    "plugin-api-version": "2.6.0"
}
